
Microsoft Visual Studio Solution File, Format Version 12.00
# Visual Studio 14
VisualStudioVersion = 14.0.25420.1
MinimumVisualStudioVersion = 10.0.40219.1
Project("{2150E333-8FDC-42A3-9474-1A3956D46DE8}") = "src", "src", "{E45531E5-A2B0-4FD8-AE25-A1508962F7F5}"
EndProject
Project("{2150E333-8FDC-42A3-9474-1A3956D46DE8}") = "Solution Items", "Solution Items", "{BC35931C-06DA-4697-92AE-FC98BA140E89}"
	ProjectSection(SolutionItems) = preProject
		global.json = global.json
	EndProjectSection
EndProject
Project("{8BB2217D-0F2D-49D1-97BC-3654ED321F3B}") = "MoqCallback", "src\MoqCallback\MoqCallback.xproj", "{AD0D4F4D-2CFC-4059-B943-F4FDF9A298B7}"
EndProject
Global
	GlobalSection(SolutionConfigurationPlatforms) = preSolution
		Debug|Any CPU = Debug|Any CPU
		Release|Any CPU = Release|Any CPU
	EndGlobalSection
	GlobalSection(ProjectConfigurationPlatforms) = postSolution
		{AD0D4F4D-2CFC-4059-B943-F4FDF9A298B7}.Debug|Any CPU.ActiveCfg = Debug|Any CPU
		{AD0D4F4D-2CFC-4059-B943-F4FDF9A298B7}.Debug|Any CPU.Build.0 = Debug|Any CPU
		{AD0D4F4D-2CFC-4059-B943-F4FDF9A298B7}.Release|Any CPU.ActiveCfg = Release|Any CPU
		{AD0D4F4D-2CFC-4059-B943-F4FDF9A298B7}.Release|Any CPU.Build.0 = Release|Any CPU
	EndGlobalSection
	GlobalSection(SolutionProperties) = preSolution
		HideSolutionNode = FALSE
	EndGlobalSection
	GlobalSection(NestedProjects) = preSolution
		{AD0D4F4D-2CFC-4059-B943-F4FDF9A298B7} = {E45531E5-A2B0-4FD8-AE25-A1508962F7F5}
	EndGlobalSection
EndGlobal
